{
    "_readme": [
        "This file locks the dependencies of your project to a known state",
        "Read more about it at https://getcomposer.org/doc/01-basic-usage.md#installing-dependencies",
        "This file is @generated automatically"
    ],
    "content-hash": "20e3298f3b3374360034bb64d5867e58",
    "packages": [
        {
            "name": "codexshaper/database-backup-restore",
            "version": "v1.1",
            "source": {
                "type": "git",
                "url": "https://github.com/Codexshaper/database-backup-restore.git",
                "reference": "20d0202e76898dbbf280294fe02c95f9b11f3e2d"
            },
            "dist": {
                "type": "zip",
                "url": "https://api.github.com/repos/Codexshaper/database-backup-restore/zipball/20d0202e76898dbbf280294fe02c95f9b11f3e2d",
                "reference": "20d0202e76898dbbf280294fe02c95f9b11f3e2d",
                "shasum": ""
            },
            "require": {
                "php": "^7.2",
                "symfony/process": "^4.2|^5.0"
            },
            "require-dev": {
                "phpunit/phpunit": "^7.0|^8.0"
            },
            "type": "library",
            "autoload": {
                "psr-4": {
                    "CodexShaper\\Dumper\\": "src/"
                }
            },
            "notification-url": "https://packagist.org/downloads/",
            "license": [
                "MIT"
            ],
            "authors": [
                {
                    "name": "Md Abu Ahsan Basir",
                    "email": "maab.career@gmail.com",
                    "homepage": "https://github.com/maab16",
                    "role": "Owner and Developer"
                }
            ],
            "description": "Database Backup and Restore",
            "homepage": "https://github.com/Codexshaper/database-backup-restore",
            "keywords": [
                "databse",
                "databse-backup",
                "databse-restore",
                "dumper",
                "mongodb",
                "mysql",
                "pgsql",
                "sqlite"
            ],
            "time": "2020-01-01T16:09:15+00:00"
        },
        {
            "name": "symfony/process",
            "version": "v5.0.2",
            "source": {
                "type": "git",
                "url": "https://github.com/symfony/process.git",
                "reference": "ea2dc31b59d63abd9bc2356ac72eb7b3f3469f0e"
            },
            "dist": {
                "type": "zip",
                "url": "https://api.github.com/repos/symfony/process/zipball/ea2dc31b59d63abd9bc2356ac72eb7b3f3469f0e",
                "reference": "ea2dc31b59d63abd9bc2356ac72eb7b3f3469f0e",
                "shasum": ""
            },
            "require": {
                "php": "^7.2.5"
            },
            "type": "library",
            "extra": {
                "branch-alias": {
                    "dev-master": "5.0-dev"
                }
            },
            "autoload": {
                "psr-4": {
                    "Symfony\\Component\\Process\\": ""
                },
                "exclude-from-classmap": [
                    "/Tests/"
                ]
            },
            "notification-url": "https://packagist.org/downloads/",
            "license": [
                "MIT"
            ],
            "authors": [
                {
                    "name": "Fabien Potencier",
                    "email": "fabien@symfony.com"
                },
                {
                    "name": "Symfony Community",
                    "homepage": "https://symfony.com/contributors"
                }
            ],
            "description": "Symfony Process Component",
            "homepage": "https://symfony.com",
            "time": "2019-12-10T11:06:55+00:00"
        }
    ],
    "packages-dev": [],
    "aliases": [],
    "minimum-stability": "stable",
    "stability-flags": [],
    "prefer-stable": false,
    "prefer-lowest": false,
    "platform": [],
    "platform-dev": []
}
